
Microsoft Visual Studio Solution File, Format Version 12.00
# Visual Studio Version 17
VisualStudioVersion = 17.8.34330.188
MinimumVisualStudioVersion = 10.0.40219.1
Project("{FAE04EC0-301F-11D3-BF4B-00C04F79EFBC}") = "ClientApp", "ClientApp\ClientApp.csproj", "{0416A81A-D19A-4E74-AD07-DC50DAA4204B}"
EndProject
Global
	GlobalSection(SolutionConfigurationPlatforms) = preSolution
		Debug|Any CPU = Debug|Any CPU
		Release|Any CPU = Release|Any CPU
	EndGlobalSection
	GlobalSection(ProjectConfigurationPlatforms) = postSolution
		{0416A81A-D19A-4E74-AD07-DC50DAA4204B}.Debug|Any CPU.ActiveCfg = Debug|Any CPU
		{0416A81A-D19A-4E74-AD07-DC50DAA4204B}.Debug|Any CPU.Build.0 = Debug|Any CPU
		{0416A81A-D19A-4E74-AD07-DC50DAA4204B}.Release|Any CPU.ActiveCfg = Release|Any CPU
		{0416A81A-D19A-4E74-AD07-DC50DAA4204B}.Release|Any CPU.Build.0 = Release|Any CPU
	EndGlobalSection
	GlobalSection(SolutionProperties) = preSolution
		HideSolutionNode = FALSE
	EndGlobalSection
	GlobalSection(ExtensibilityGlobals) = postSolution
		SolutionGuid = {C0CABD67-B7F9-4337-9F5F-4BDE3EEAB37A}
	EndGlobalSection
EndGlobal
